
Microsoft Visual Studio Solution File, Format Version 12.00
# Visual Studio Version 17
VisualStudioVersion = 17.14.36429.23
MinimumVisualStudioVersion = 10.0.40219.1
Project("{FAE04EC0-301F-11D3-BF4B-00C04F79EFBC}") = "HabitHole", "HabitHole\HabitHole.csproj", "{0896DA9C-F6CE-435F-90EA-BDF751CC4348}"
EndProject
Project("{FAE04EC0-301F-11D3-BF4B-00C04F79EFBC}") = "HabitTest", "HabitTest\HabitTest.csproj", "{E10EEA09-23C7-4EE7-85ED-1ABBDFABF478}"
EndProject
Project("{FAE04EC0-301F-11D3-BF4B-00C04F79EFBC}") = "Authentication", "Authentication\Authentication.csproj", "{209F5073-60F1-766D-38C7-2E1E0A347035}"
EndProject
Global
	GlobalSection(SolutionConfigurationPlatforms) = preSolution
		Debug|Any CPU = Debug|Any CPU
		Release|Any CPU = Release|Any CPU
	EndGlobalSection
	GlobalSection(ProjectConfigurationPlatforms) = postSolution
		{0896DA9C-F6CE-435F-90EA-BDF751CC4348}.Debug|Any CPU.ActiveCfg = Debug|Any CPU
		{0896DA9C-F6CE-435F-90EA-BDF751CC4348}.Debug|Any CPU.Build.0 = Debug|Any CPU
		{0896DA9C-F6CE-435F-90EA-BDF751CC4348}.Release|Any CPU.ActiveCfg = Release|Any CPU
		{0896DA9C-F6CE-435F-90EA-BDF751CC4348}.Release|Any CPU.Build.0 = Release|Any CPU
		{E10EEA09-23C7-4EE7-85ED-1ABBDFABF478}.Debug|Any CPU.ActiveCfg = Debug|Any CPU
		{E10EEA09-23C7-4EE7-85ED-1ABBDFABF478}.Debug|Any CPU.Build.0 = Debug|Any CPU
		{E10EEA09-23C7-4EE7-85ED-1ABBDFABF478}.Release|Any CPU.ActiveCfg = Release|Any CPU
		{E10EEA09-23C7-4EE7-85ED-1ABBDFABF478}.Release|Any CPU.Build.0 = Release|Any CPU
		{209F5073-60F1-766D-38C7-2E1E0A347035}.Debug|Any CPU.ActiveCfg = Debug|Any CPU
		{209F5073-60F1-766D-38C7-2E1E0A347035}.Debug|Any CPU.Build.0 = Debug|Any CPU
		{209F5073-60F1-766D-38C7-2E1E0A347035}.Release|Any CPU.ActiveCfg = Release|Any CPU
		{209F5073-60F1-766D-38C7-2E1E0A347035}.Release|Any CPU.Build.0 = Release|Any CPU
	EndGlobalSection
	GlobalSection(SolutionProperties) = preSolution
		HideSolutionNode = FALSE
	EndGlobalSection
	GlobalSection(ExtensibilityGlobals) = postSolution
		SolutionGuid = {C7AC53AD-B695-4C2E-9666-6991B7E7DAF6}
	EndGlobalSection
EndGlobal
